
Microsoft Visual Studio Solution File, Format Version 12.00
# Visual Studio 14
VisualStudioVersion = 14.0.25420.1
MinimumVisualStudioVersion = 10.0.40219.1
Project("{2150E333-8FDC-42A3-9474-1A3956D46DE8}") = "Common", "Common", "{89ACAA90-F029-48B0-909A-2DE52F35E3F3}"
EndProject
Project("{2150E333-8FDC-42A3-9474-1A3956D46DE8}") = "Core", "Core", "{3F640451-3FB5-4347-9265-4A4FF525F110}"
EndProject
Project("{FAE04EC0-301F-11D3-BF4B-00C04F79EFBC}") = "Common", "Common\Common.csproj", "{AB4AFE23-B2F7-44D4-B775-B305209D7107}"
EndProject
Project("{FAE04EC0-301F-11D3-BF4B-00C04F79EFBC}") = "Common.Abstractions", "Common.Abstractions\Common.Abstractions.csproj", "{BD20249C-9DEF-400B-802B-4D2AB7DC000A}"
EndProject
Project("{FAE04EC0-301F-11D3-BF4B-00C04F79EFBC}") = "Common.DataAccess", "Common.DataAccess\Common.DataAccess.csproj", "{CF994EF9-AD93-45C7-BF13-A319916E6388}"
EndProject
Project("{FAE04EC0-301F-11D3-BF4B-00C04F79EFBC}") = "Common.Events", "Common.Events\Common.Events.csproj", "{7E96E6B7-B909-4195-8B0D-7444DEED8B66}"
EndProject
Project("{FAE04EC0-301F-11D3-BF4B-00C04F79EFBC}") = "Common.FileStorage", "Common.FileStorage\Common.FileStorage.csproj", "{CEAD6285-EBF4-477D-A4BD-9AD8703D59BB}"
EndProject
Project("{FAE04EC0-301F-11D3-BF4B-00C04F79EFBC}") = "Common.FileStorage.Tests", "Common.FileStorage.Tests\Common.FileStorage.Tests.csproj", "{C37FE1DD-C79E-4989-9F9B-64714A3F5677}"
EndProject
Project("{FAE04EC0-301F-11D3-BF4B-00C04F79EFBC}") = "Common.IoC", "Common.IoC\Common.IoC.csproj", "{6C133D7C-9FC5-4AFA-83B3-B6676AE9E148}"
EndProject
Project("{FAE04EC0-301F-11D3-BF4B-00C04F79EFBC}") = "Common.Scheduler", "Common.ScheduledJobsManager\Common.Scheduler.csproj", "{6203D14E-9FF5-4B05-863A-4BC4A8070D1C}"
EndProject
Project("{FAE04EC0-301F-11D3-BF4B-00C04F79EFBC}") = "Common.Scheduler.Contracts", "Common.Scheduler.Contracts\Common.Scheduler.Contracts.csproj", "{E99174D0-59AB-4E41-85C8-E709F759EF84}"
EndProject
Project("{FAE04EC0-301F-11D3-BF4B-00C04F79EFBC}") = "Common.Scheduler.Data", "Common.Scheduler.Data\Common.Scheduler.Data.csproj", "{F3824C50-9FA9-4504-B815-AAA370B4B3EA}"
EndProject
Project("{FAE04EC0-301F-11D3-BF4B-00C04F79EFBC}") = "Common.Tests", "Common.Tests\Common.Tests.csproj", "{365C306C-4D51-4854-ADE6-83858B9E8E72}"
EndProject
Project("{2150E333-8FDC-42A3-9474-1A3956D46DE8}") = "Infrastructure", "Infrastructure", "{5C815181-B3E2-48D9-A298-91E37D614115}"
EndProject
Project("{FAE04EC0-301F-11D3-BF4B-00C04F79EFBC}") = "SEI.Infrastructure.Messaging", "SEI.Infrastructure.Messaging\SEI.Infrastructure.Messaging.csproj", "{7AC605E6-DCAD-43F0-9963-2F20C92867F6}"
EndProject
Project("{FAE04EC0-301F-11D3-BF4B-00C04F79EFBC}") = "SEI.Infrastructure.EventLog.Contracts", "SEI.Infrastructure.EventLog.Contracts\SEI.Infrastructure.EventLog.Contracts.csproj", "{FD3EF835-323A-48B7-9A5D-E5E70FFC8641}"
EndProject
Project("{FAE04EC0-301F-11D3-BF4B-00C04F79EFBC}") = "SEI.Infrastructure.EventLog.Data", "SEI.Infrastructure.EventLog.Data\SEI.Infrastructure.EventLog.Data.csproj", "{B95DCBA0-25A6-4195-96BB-779CF1C4E2A1}"
EndProject
Project("{FAE04EC0-301F-11D3-BF4B-00C04F79EFBC}") = "SEI.Infrastructure.EventLog.Integration", "SEI.Infrastructure.EventLog.Integration\SEI.Infrastructure.EventLog.Integration.csproj", "{499303BC-D9C1-4411-82BF-95CEF29BE9E8}"
EndProject
Project("{FAE04EC0-301F-11D3-BF4B-00C04F79EFBC}") = "SEI.Infrastructure.Integration", "SEI.Infrastructure.Integration\SEI.Infrastructure.Integration.csproj", "{C0D5EF69-2862-4F6D-801B-98995FB60BAA}"
EndProject
Project("{FAE04EC0-301F-11D3-BF4B-00C04F79EFBC}") = "SEI.Web", "SEI.Web\SEI.Web.csproj", "{6876CBD4-A1FA-44E2-A000-5DE706D9C865}"
EndProject
Project("{FAE04EC0-301F-11D3-BF4B-00C04F79EFBC}") = "SEI.Api", "SEI.Api\SEI.Api.csproj", "{F6E5D33B-F099-4AE7-BB94-960BEC37865F}"
EndProject
Project("{2150E333-8FDC-42A3-9474-1A3956D46DE8}") = "News", "News", "{B89F40B9-4017-4206-B25E-B4E9BFD72F05}"
EndProject
Project("{FAE04EC0-301F-11D3-BF4B-00C04F79EFBC}") = "SEI.News.Contracts", "SEI.News.Contracts\SEI.News.Contracts.csproj", "{9C100593-128F-4368-9D78-FC17F56F0F30}"
EndProject
Project("{FAE04EC0-301F-11D3-BF4B-00C04F79EFBC}") = "SEI.News.Model", "SEI.News.Model\SEI.News.Model.csproj", "{B7B69733-7395-4A93-AB25-C99897C70950}"
EndProject
Project("{FAE04EC0-301F-11D3-BF4B-00C04F79EFBC}") = "SEI.News.Data", "SEI.News.Data\SEI.News.Data.csproj", "{7A3F612D-9CC9-492A-9E29-872C30A42414}"
EndProject
Project("{FAE04EC0-301F-11D3-BF4B-00C04F79EFBC}") = "SEI.News.Service", "SEI.News.Service\SEI.News.Service.csproj", "{3B214C45-662D-4901-A61C-9714741BCDE0}"
EndProject
Project("{FAE04EC0-301F-11D3-BF4B-00C04F79EFBC}") = "SEI.News.Integration", "SEI.News.Integration\SEI.News.Integration.csproj", "{A583A92C-0B0C-4AF3-ACDC-F494328F7BB5}"
EndProject
Project("{FAE04EC0-301F-11D3-BF4B-00C04F79EFBC}") = "SEI.News.Tests", "SEI.News.Tests\SEI.News.Tests.csproj", "{41344183-8230-4DD7-BA0C-CC676A6F1D75}"
EndProject
Global
	GlobalSection(SolutionConfigurationPlatforms) = preSolution
		Debug|Any CPU = Debug|Any CPU
		Release|Any CPU = Release|Any CPU
	EndGlobalSection
	GlobalSection(ProjectConfigurationPlatforms) = postSolution
		{AB4AFE23-B2F7-44D4-B775-B305209D7107}.Debug|Any CPU.ActiveCfg = Debug|Any CPU
		{AB4AFE23-B2F7-44D4-B775-B305209D7107}.Debug|Any CPU.Build.0 = Debug|Any CPU
		{AB4AFE23-B2F7-44D4-B775-B305209D7107}.Release|Any CPU.ActiveCfg = Release|Any CPU
		{AB4AFE23-B2F7-44D4-B775-B305209D7107}.Release|Any CPU.Build.0 = Release|Any CPU
		{BD20249C-9DEF-400B-802B-4D2AB7DC000A}.Debug|Any CPU.ActiveCfg = Debug|Any CPU
		{BD20249C-9DEF-400B-802B-4D2AB7DC000A}.Debug|Any CPU.Build.0 = Debug|Any CPU
		{BD20249C-9DEF-400B-802B-4D2AB7DC000A}.Release|Any CPU.ActiveCfg = Release|Any CPU
		{BD20249C-9DEF-400B-802B-4D2AB7DC000A}.Release|Any CPU.Build.0 = Release|Any CPU
		{CF994EF9-AD93-45C7-BF13-A319916E6388}.Debug|Any CPU.ActiveCfg = Debug|Any CPU
		{CF994EF9-AD93-45C7-BF13-A319916E6388}.Debug|Any CPU.Build.0 = Debug|Any CPU
		{CF994EF9-AD93-45C7-BF13-A319916E6388}.Release|Any CPU.ActiveCfg = Release|Any CPU
		{CF994EF9-AD93-45C7-BF13-A319916E6388}.Release|Any CPU.Build.0 = Release|Any CPU
		{7E96E6B7-B909-4195-8B0D-7444DEED8B66}.Debug|Any CPU.ActiveCfg = Debug|Any CPU
		{7E96E6B7-B909-4195-8B0D-7444DEED8B66}.Debug|Any CPU.Build.0 = Debug|Any CPU
		{7E96E6B7-B909-4195-8B0D-7444DEED8B66}.Release|Any CPU.ActiveCfg = Release|Any CPU
		{7E96E6B7-B909-4195-8B0D-7444DEED8B66}.Release|Any CPU.Build.0 = Release|Any CPU
		{CEAD6285-EBF4-477D-A4BD-9AD8703D59BB}.Debug|Any CPU.ActiveCfg = Debug|Any CPU
		{CEAD6285-EBF4-477D-A4BD-9AD8703D59BB}.Debug|Any CPU.Build.0 = Debug|Any CPU
		{CEAD6285-EBF4-477D-A4BD-9AD8703D59BB}.Release|Any CPU.ActiveCfg = Release|Any CPU
		{CEAD6285-EBF4-477D-A4BD-9AD8703D59BB}.Release|Any CPU.Build.0 = Release|Any CPU
		{C37FE1DD-C79E-4989-9F9B-64714A3F5677}.Debug|Any CPU.ActiveCfg = Debug|Any CPU
		{C37FE1DD-C79E-4989-9F9B-64714A3F5677}.Debug|Any CPU.Build.0 = Debug|Any CPU
		{C37FE1DD-C79E-4989-9F9B-64714A3F5677}.Release|Any CPU.ActiveCfg = Release|Any CPU
		{C37FE1DD-C79E-4989-9F9B-64714A3F5677}.Release|Any CPU.Build.0 = Release|Any CPU
		{6C133D7C-9FC5-4AFA-83B3-B6676AE9E148}.Debug|Any CPU.ActiveCfg = Debug|Any CPU
		{6C133D7C-9FC5-4AFA-83B3-B6676AE9E148}.Debug|Any CPU.Build.0 = Debug|Any CPU
		{6C133D7C-9FC5-4AFA-83B3-B6676AE9E148}.Release|Any CPU.ActiveCfg = Release|Any CPU
		{6C133D7C-9FC5-4AFA-83B3-B6676AE9E148}.Release|Any CPU.Build.0 = Release|Any CPU
		{6203D14E-9FF5-4B05-863A-4BC4A8070D1C}.Debug|Any CPU.ActiveCfg = Debug|Any CPU
		{6203D14E-9FF5-4B05-863A-4BC4A8070D1C}.Debug|Any CPU.Build.0 = Debug|Any CPU
		{6203D14E-9FF5-4B05-863A-4BC4A8070D1C}.Release|Any CPU.ActiveCfg = Release|Any CPU
		{6203D14E-9FF5-4B05-863A-4BC4A8070D1C}.Release|Any CPU.Build.0 = Release|Any CPU
		{E99174D0-59AB-4E41-85C8-E709F759EF84}.Debug|Any CPU.ActiveCfg = Debug|Any CPU
		{E99174D0-59AB-4E41-85C8-E709F759EF84}.Debug|Any CPU.Build.0 = Debug|Any CPU
		{E99174D0-59AB-4E41-85C8-E709F759EF84}.Release|Any CPU.ActiveCfg = Release|Any CPU
		{E99174D0-59AB-4E41-85C8-E709F759EF84}.Release|Any CPU.Build.0 = Release|Any CPU
		{F3824C50-9FA9-4504-B815-AAA370B4B3EA}.Debug|Any CPU.ActiveCfg = Debug|Any CPU
		{F3824C50-9FA9-4504-B815-AAA370B4B3EA}.Debug|Any CPU.Build.0 = Debug|Any CPU
		{F3824C50-9FA9-4504-B815-AAA370B4B3EA}.Release|Any CPU.ActiveCfg = Release|Any CPU
		{F3824C50-9FA9-4504-B815-AAA370B4B3EA}.Release|Any CPU.Build.0 = Release|Any CPU
		{365C306C-4D51-4854-ADE6-83858B9E8E72}.Debug|Any CPU.ActiveCfg = Debug|Any CPU
		{365C306C-4D51-4854-ADE6-83858B9E8E72}.Debug|Any CPU.Build.0 = Debug|Any CPU
		{365C306C-4D51-4854-ADE6-83858B9E8E72}.Release|Any CPU.ActiveCfg = Release|Any CPU
		{365C306C-4D51-4854-ADE6-83858B9E8E72}.Release|Any CPU.Build.0 = Release|Any CPU
		{7AC605E6-DCAD-43F0-9963-2F20C92867F6}.Debug|Any CPU.ActiveCfg = Debug|Any CPU
		{7AC605E6-DCAD-43F0-9963-2F20C92867F6}.Debug|Any CPU.Build.0 = Debug|Any CPU
		{7AC605E6-DCAD-43F0-9963-2F20C92867F6}.Release|Any CPU.ActiveCfg = Release|Any CPU
		{7AC605E6-DCAD-43F0-9963-2F20C92867F6}.Release|Any CPU.Build.0 = Release|Any CPU
		{FD3EF835-323A-48B7-9A5D-E5E70FFC8641}.Debug|Any CPU.ActiveCfg = Debug|Any CPU
		{FD3EF835-323A-48B7-9A5D-E5E70FFC8641}.Debug|Any CPU.Build.0 = Debug|Any CPU
		{FD3EF835-323A-48B7-9A5D-E5E70FFC8641}.Release|Any CPU.ActiveCfg = Release|Any CPU
		{FD3EF835-323A-48B7-9A5D-E5E70FFC8641}.Release|Any CPU.Build.0 = Release|Any CPU
		{B95DCBA0-25A6-4195-96BB-779CF1C4E2A1}.Debug|Any CPU.ActiveCfg = Debug|Any CPU
		{B95DCBA0-25A6-4195-96BB-779CF1C4E2A1}.Debug|Any CPU.Build.0 = Debug|Any CPU
		{B95DCBA0-25A6-4195-96BB-779CF1C4E2A1}.Release|Any CPU.ActiveCfg = Release|Any CPU
		{B95DCBA0-25A6-4195-96BB-779CF1C4E2A1}.Release|Any CPU.Build.0 = Release|Any CPU
		{499303BC-D9C1-4411-82BF-95CEF29BE9E8}.Debug|Any CPU.ActiveCfg = Debug|Any CPU
		{499303BC-D9C1-4411-82BF-95CEF29BE9E8}.Debug|Any CPU.Build.0 = Debug|Any CPU
		{499303BC-D9C1-4411-82BF-95CEF29BE9E8}.Release|Any CPU.ActiveCfg = Release|Any CPU
		{499303BC-D9C1-4411-82BF-95CEF29BE9E8}.Release|Any CPU.Build.0 = Release|Any CPU
		{C0D5EF69-2862-4F6D-801B-98995FB60BAA}.Debug|Any CPU.ActiveCfg = Debug|Any CPU
		{C0D5EF69-2862-4F6D-801B-98995FB60BAA}.Debug|Any CPU.Build.0 = Debug|Any CPU
		{C0D5EF69-2862-4F6D-801B-98995FB60BAA}.Release|Any CPU.ActiveCfg = Release|Any CPU
		{C0D5EF69-2862-4F6D-801B-98995FB60BAA}.Release|Any CPU.Build.0 = Release|Any CPU
		{6876CBD4-A1FA-44E2-A000-5DE706D9C865}.Debug|Any CPU.ActiveCfg = Debug|Any CPU
		{6876CBD4-A1FA-44E2-A000-5DE706D9C865}.Debug|Any CPU.Build.0 = Debug|Any CPU
		{6876CBD4-A1FA-44E2-A000-5DE706D9C865}.Release|Any CPU.ActiveCfg = Release|Any CPU
		{6876CBD4-A1FA-44E2-A000-5DE706D9C865}.Release|Any CPU.Build.0 = Release|Any CPU
		{F6E5D33B-F099-4AE7-BB94-960BEC37865F}.Debug|Any CPU.ActiveCfg = Debug|Any CPU
		{F6E5D33B-F099-4AE7-BB94-960BEC37865F}.Debug|Any CPU.Build.0 = Debug|Any CPU
		{F6E5D33B-F099-4AE7-BB94-960BEC37865F}.Release|Any CPU.ActiveCfg = Release|Any CPU
		{F6E5D33B-F099-4AE7-BB94-960BEC37865F}.Release|Any CPU.Build.0 = Release|Any CPU
		{9C100593-128F-4368-9D78-FC17F56F0F30}.Debug|Any CPU.ActiveCfg = Debug|Any CPU
		{9C100593-128F-4368-9D78-FC17F56F0F30}.Debug|Any CPU.Build.0 = Debug|Any CPU
		{9C100593-128F-4368-9D78-FC17F56F0F30}.Release|Any CPU.ActiveCfg = Release|Any CPU
		{9C100593-128F-4368-9D78-FC17F56F0F30}.Release|Any CPU.Build.0 = Release|Any CPU
		{B7B69733-7395-4A93-AB25-C99897C70950}.Debug|Any CPU.ActiveCfg = Debug|Any CPU
		{B7B69733-7395-4A93-AB25-C99897C70950}.Debug|Any CPU.Build.0 = Debug|Any CPU
		{B7B69733-7395-4A93-AB25-C99897C70950}.Release|Any CPU.ActiveCfg = Release|Any CPU
		{B7B69733-7395-4A93-AB25-C99897C70950}.Release|Any CPU.Build.0 = Release|Any CPU
		{7A3F612D-9CC9-492A-9E29-872C30A42414}.Debug|Any CPU.ActiveCfg = Debug|Any CPU
		{7A3F612D-9CC9-492A-9E29-872C30A42414}.Debug|Any CPU.Build.0 = Debug|Any CPU
		{7A3F612D-9CC9-492A-9E29-872C30A42414}.Release|Any CPU.ActiveCfg = Release|Any CPU
		{7A3F612D-9CC9-492A-9E29-872C30A42414}.Release|Any CPU.Build.0 = Release|Any CPU
		{3B214C45-662D-4901-A61C-9714741BCDE0}.Debug|Any CPU.ActiveCfg = Debug|Any CPU
		{3B214C45-662D-4901-A61C-9714741BCDE0}.Debug|Any CPU.Build.0 = Debug|Any CPU
		{3B214C45-662D-4901-A61C-9714741BCDE0}.Release|Any CPU.ActiveCfg = Release|Any CPU
		{3B214C45-662D-4901-A61C-9714741BCDE0}.Release|Any CPU.Build.0 = Release|Any CPU
		{A583A92C-0B0C-4AF3-ACDC-F494328F7BB5}.Debug|Any CPU.ActiveCfg = Debug|Any CPU
		{A583A92C-0B0C-4AF3-ACDC-F494328F7BB5}.Debug|Any CPU.Build.0 = Debug|Any CPU
		{A583A92C-0B0C-4AF3-ACDC-F494328F7BB5}.Release|Any CPU.ActiveCfg = Release|Any CPU
		{A583A92C-0B0C-4AF3-ACDC-F494328F7BB5}.Release|Any CPU.Build.0 = Release|Any CPU
		{41344183-8230-4DD7-BA0C-CC676A6F1D75}.Debug|Any CPU.ActiveCfg = Debug|Any CPU
		{41344183-8230-4DD7-BA0C-CC676A6F1D75}.Debug|Any CPU.Build.0 = Debug|Any CPU
		{41344183-8230-4DD7-BA0C-CC676A6F1D75}.Release|Any CPU.ActiveCfg = Release|Any CPU
		{41344183-8230-4DD7-BA0C-CC676A6F1D75}.Release|Any CPU.Build.0 = Release|Any CPU
	EndGlobalSection
	GlobalSection(SolutionProperties) = preSolution
		HideSolutionNode = FALSE
	EndGlobalSection
	GlobalSection(NestedProjects) = preSolution
		{AB4AFE23-B2F7-44D4-B775-B305209D7107} = {89ACAA90-F029-48B0-909A-2DE52F35E3F3}
		{BD20249C-9DEF-400B-802B-4D2AB7DC000A} = {89ACAA90-F029-48B0-909A-2DE52F35E3F3}
		{CF994EF9-AD93-45C7-BF13-A319916E6388} = {89ACAA90-F029-48B0-909A-2DE52F35E3F3}
		{7E96E6B7-B909-4195-8B0D-7444DEED8B66} = {89ACAA90-F029-48B0-909A-2DE52F35E3F3}
		{CEAD6285-EBF4-477D-A4BD-9AD8703D59BB} = {89ACAA90-F029-48B0-909A-2DE52F35E3F3}
		{C37FE1DD-C79E-4989-9F9B-64714A3F5677} = {89ACAA90-F029-48B0-909A-2DE52F35E3F3}
		{6C133D7C-9FC5-4AFA-83B3-B6676AE9E148} = {89ACAA90-F029-48B0-909A-2DE52F35E3F3}
		{6203D14E-9FF5-4B05-863A-4BC4A8070D1C} = {89ACAA90-F029-48B0-909A-2DE52F35E3F3}
		{E99174D0-59AB-4E41-85C8-E709F759EF84} = {89ACAA90-F029-48B0-909A-2DE52F35E3F3}
		{F3824C50-9FA9-4504-B815-AAA370B4B3EA} = {89ACAA90-F029-48B0-909A-2DE52F35E3F3}
		{365C306C-4D51-4854-ADE6-83858B9E8E72} = {89ACAA90-F029-48B0-909A-2DE52F35E3F3}
		{7AC605E6-DCAD-43F0-9963-2F20C92867F6} = {5C815181-B3E2-48D9-A298-91E37D614115}
		{FD3EF835-323A-48B7-9A5D-E5E70FFC8641} = {5C815181-B3E2-48D9-A298-91E37D614115}
		{B95DCBA0-25A6-4195-96BB-779CF1C4E2A1} = {5C815181-B3E2-48D9-A298-91E37D614115}
		{499303BC-D9C1-4411-82BF-95CEF29BE9E8} = {5C815181-B3E2-48D9-A298-91E37D614115}
		{C0D5EF69-2862-4F6D-801B-98995FB60BAA} = {5C815181-B3E2-48D9-A298-91E37D614115}
		{9C100593-128F-4368-9D78-FC17F56F0F30} = {B89F40B9-4017-4206-B25E-B4E9BFD72F05}
		{B7B69733-7395-4A93-AB25-C99897C70950} = {B89F40B9-4017-4206-B25E-B4E9BFD72F05}
		{7A3F612D-9CC9-492A-9E29-872C30A42414} = {B89F40B9-4017-4206-B25E-B4E9BFD72F05}
		{3B214C45-662D-4901-A61C-9714741BCDE0} = {B89F40B9-4017-4206-B25E-B4E9BFD72F05}
		{A583A92C-0B0C-4AF3-ACDC-F494328F7BB5} = {B89F40B9-4017-4206-B25E-B4E9BFD72F05}
		{41344183-8230-4DD7-BA0C-CC676A6F1D75} = {B89F40B9-4017-4206-B25E-B4E9BFD72F05}
	EndGlobalSection
EndGlobal
